# THIS IS AN AUTOGENERATED FILE. DO NOT EDIT THIS FILE DIRECTLY.
# yarn lockfile v1


"@types/node@*":
  version "20.3.3"
  resolved "https://registry.yarnpkg.com/@types/node/-/node-20.3.3.tgz#329842940042d2b280897150e023e604d11657d6"
  integrity sha512-wheIYdr4NYML61AjC8MKj/2jrR/kDQri/CIpVoZwldwhnIrD/j9jIU5bJ8yBKuB2VhpFV7Ab6G2XkBjv9r9Zzw==

"@types/tap@^15.0.8":
  version "15.0.8"
  resolved "https://registry.yarnpkg.com/@types/tap/-/tap-15.0.8.tgz#03774f963d971e612de3bbbbf18614d0cf57c3e7"
  integrity sha512-ZfeoiZlLIaFi4t6wccwbTEicrHREkP0bOq8dZVi/nWvG5F8O7LlS2cSUZBiOW/D4cgWS/p2uhM3lJoyzFAl80w==
  dependencies:
    "@types/node" "*"
